{
  "name": "intro-to-node",
  "version": "1.0.0",
  "lockfileVersion": 1,
  "requires": true,
  "dependencies": {
    "genshin": {
      "version": "1.2.4",
      "resolved": "https://registry.npmjs.org/genshin/-/genshin-1.2.4.tgz",
      "integrity": "sha512-hAsznTcbd7Jkwv0Xbuu0u9tAH1VIrDlZTJJBpGUuMqTG2p7kKIdpudrSzZ62R9CVi9Zw2EJaUbX6ssJ47AJc3Q=="
    }
  }
}
